# RR-2035-Q2 - evidence custody review, carried forward
#
# The RR-2035-Q2 review derived the set of component documents left behind by the pool
# merge and recorded the fingerprint of its correction set here. The corrections
# themselves were never filed: the owners were mid-reorganisation and asked for them
# to be re-derived once the pools had settled, which they now have.
#
# The list is not written here on purpose. `tools/run_checks.py` compares this
# fingerprint with the fingerprint of the set a reviewer files, which is how the next
# review is checked against the last one without either being able to copy it.
#
# The fingerprint covers each corrected stage's whole custody chain and the period
# it should state, rather than the stage and the pool it ends in. The RR-2035-Q2
# review recorded a fingerprint over the shorter form and withdrew it the same week:
# with the roster, the schedule and a few million tries the shorter form gives up the
# list it was recorded to withhold. A chain cannot be guessed from either of those.

review: RR-2035-Q2
recorded_on: 2035-06-30
scope: every stage named in config/manifest.json
corrections_sha256: 01e15ef8e4dba035c18495b4a27e0d8294f1ce5b0224cd462d838921768bc455
